
Microsoft Visual Studio Solution File, Format Version 12.00
Project("{FAE04EC0-301F-11D3-BF4B-00C04F79EFBC}") = "WeatherBot", "WeatherBot.csproj", "{17AE8515-A54B-48E5-B725-08BD74C3C8DF}"
EndProject
Global
	GlobalSection(SolutionConfigurationPlatforms) = preSolution
		Debug|Any CPU = Debug|Any CPU
		Release|Any CPU = Release|Any CPU
	EndGlobalSection
	GlobalSection(ProjectConfigurationPlatforms) = postSolution
		{17AE8515-A54B-48E5-B725-08BD74C3C8DF}.Debug|Any CPU.ActiveCfg = Debug|Any CPU
		{17AE8515-A54B-48E5-B725-08BD74C3C8DF}.Debug|Any CPU.Build.0 = Debug|Any CPU
		{17AE8515-A54B-48E5-B725-08BD74C3C8DF}.Release|Any CPU.ActiveCfg = Release|Any CPU
		{17AE8515-A54B-48E5-B725-08BD74C3C8DF}.Release|Any CPU.Build.0 = Release|Any CPU
	EndGlobalSection
EndGlobal
